PODS:
  - Ads-CN (4.5.1.6):
    - Ads-CN/BUAdSDK (= 4.5.1.6)
  - Ads-CN/BUAdSDK (4.5.1.6):
    - Ads-CN/Domestic
  - Ads-CN/BUFoundation (4.5.1.6):
    - BURelyFoundation (= 0.0.1.58)
  - Ads-CN/CSJAdSDK (4.5.1.6):
    - Ads-CN/BUFoundation
  - Ads-CN/Domestic (4.5.1.6):
    - Ads-CN/BUFoundation
    - Ads-CN/CSJAdSDK
  - AdvanceSDK (3.2.6.0):
    - AdvanceSDK/Core (= 3.2.6.0)
  - AdvanceSDK/Adspot (3.2.6.0):
    - AdvanceSDK/Core
  - AdvanceSDK/BD (3.2.6.0):
    - AdvanceSDK/Adspot
    - AdvanceSDK/Core
    - BaiduMobAdSDK (= 4.861)
  - AdvanceSDK/Core (3.2.6.0)
  - AdvanceSDK/CSJ (3.2.6.0):
    - Ads-CN (= 4.5.1.6)
    - AdvanceSDK/Adspot
    - AdvanceSDK/Core
  - AdvanceSDK/GDT (3.2.6.0):
    - AdvanceSDK/Adspot
    - AdvanceSDK/Core
    - GDTMobSDK (= 4.13.70)
  - AdvanceSDK/KS (3.2.6.0):
    - AdvanceSDK/Adspot
    - AdvanceSDK/Core
    - KSAdSDK (= 3.3.23)
  - AdvanceSDK/Mercury (3.2.6.0):
    - AdvanceSDK/Adspot
    - AdvanceSDK/Core
    - MercurySDK
  - BaiduMobAdSDK (4.861)
  - BURelyFoundation (0.0.1.58):
    - BURelyFoundation/HM (= 0.0.1.58)
    - BURelyFoundation/NETWork (= 0.0.1.58)
  - BURelyFoundation/HM (0.0.1.58)
  - BURelyFoundation/NETWork (0.0.1.58)
  - GDTMobSDK (4.13.70):
    - GDTMobSDK/GDTMobSDK (= 4.13.70)
  - GDTMobSDK/GDTMobSDK (4.13.70)
  - KSAdSDK (3.3.23)
  - Masonry (1.1.0)
  - MercurySDK (3.1.6.8)

DEPENDENCIES:
  - AdvanceSDK (from `../`)
  - AdvanceSDK/BD (from `../`)
  - AdvanceSDK/CSJ (from `../`)
  - AdvanceSDK/GDT (from `../`)
  - AdvanceSDK/KS (from `../`)
  - AdvanceSDK/Mercury (from `../`)
  - Masonry

SPEC REPOS:
  https://github.com/CocoaPods/Specs.git:
    - Ads-CN
    - BaiduMobAdSDK
    - BURelyFoundation
    - GDTMobSDK
    - KSAdSDK
    - Masonry
    - MercurySDK

EXTERNAL SOURCES:
  AdvanceSDK:
    :path: "../"

SPEC CHECKSUMS:
  Ads-CN: 5563d7a0ed3f99fd47d421fcb48e70688efedd55
  AdvanceSDK: 0a43f3b7a94eba1804e1282350da92f5be423a2e
  BaiduMobAdSDK: 23e9ca38da6685dd35bb1a32540ff20353ec2361
  BURelyFoundation: f529322f9e93cf8cc0b4539e447aff77a8ff34de
  GDTMobSDK: 22c1b935a45797cc175df35f79db9d49a9b738bc
  KSAdSDK: 57b85bc6a7ae560ee67cae70da5d0d6875125d9e
  Masonry: 678fab65091a9290e40e2832a55e7ab731aad201
  MercurySDK: 810fd51eff1d359c1d98fa8d682073a3ae38c58a

PODFILE CHECKSUM: 6345e3085e419fb78ee6919e3e57f90d9f90170a

COCOAPODS: 1.11.2
