PODS:
  - Ads-CN (4.0.0.5):
    - Ads-CN/BUAdSDK (= 4.0.0.5)
  - Ads-CN/BUAdSDK (4.0.0.5):
    - Ads-CN/BUFoundation
    - Ads-CN/Domestic
  - Ads-CN/BUFoundation (4.0.0.5)
  - Ads-CN/Domestic (4.0.0.5)
  - AdvanceSDK (3.2.5.3):
    - AdvanceSDK/Core (= 3.2.5.3)
  - AdvanceSDK/Adspot (3.2.5.3):
    - AdvanceSDK/Core
  - AdvanceSDK/BD (3.2.5.3):
    - AdvanceSDK/Adspot
    - AdvanceSDK/Core
    - BaiduMobAdSDK
  - AdvanceSDK/Core (3.2.5.3)
  - AdvanceSDK/CSJ (3.2.5.3):
    - Ads-CN
    - AdvanceSDK/Adspot
    - AdvanceSDK/Core
  - AdvanceSDK/GDT (3.2.5.3):
    - AdvanceSDK/Adspot
    - AdvanceSDK/Core
    - GDTMobSDK
  - AdvanceSDK/KS (3.2.5.3):
    - AdvanceSDK/Adspot
    - AdvanceSDK/Core
    - KSAdSDK (~> 3.3.16)
  - AdvanceSDK/Mercury (3.2.5.3):
    - AdvanceSDK/Adspot
    - AdvanceSDK/Core
    - MercurySDK
  - BaiduMobAdSDK (4.83)
  - GDTMobSDK (4.13.22):
    - GDTMobSDK/GDTMobSDK (= 4.13.22)
  - GDTMobSDK/GDTMobSDK (4.13.22)
  - KSAdSDK (3.3.16)
  - Masonry (1.1.0)
  - MercurySDK (3.1.6.3)
  - SDWebImage (5.12.1):
    - SDWebImage/Core (= 5.12.1)
  - SDWebImage/Core (5.12.1)

DEPENDENCIES:
  - AdvanceSDK (from `../`)
  - AdvanceSDK/BD (from `../`)
  - AdvanceSDK/CSJ (from `../`)
  - AdvanceSDK/GDT (from `../`)
  - AdvanceSDK/KS (from `../`)
  - AdvanceSDK/Mercury (from `../`)
  - KSAdSDK (~> 3.3.16)
  - Masonry
  - SDWebImage

SPEC REPOS:
  https://github.com/CocoaPods/Specs.git:
    - Ads-CN
    - BaiduMobAdSDK
    - GDTMobSDK
    - KSAdSDK
    - Masonry
    - MercurySDK
    - SDWebImage

EXTERNAL SOURCES:
  AdvanceSDK:
    :path: "../"

SPEC CHECKSUMS:
  Ads-CN: 85c20c8e557b01f30bd0e1cb68244b90b061a8d5
  AdvanceSDK: ddd37e348783c3e2421ca6d6aa120234f99a3007
  BaiduMobAdSDK: d3006333637dacac0ef9808655a686e18019f033
  GDTMobSDK: 3d36a2c7c606b1e5255442fcd609b09f322ca016
  KSAdSDK: 21a9cac9f2b9d81dc38eca078950d006775e83ff
  Masonry: 678fab65091a9290e40e2832a55e7ab731aad201
  MercurySDK: d9bb9f0423cdcf1b16a1aab3098370dd8b088dc7
  SDWebImage: 4dc3e42d9ec0c1028b960a33ac6b637bb432207b

PODFILE CHECKSUM: 05f32f7770ac3e32c79ff2b9f4e2bf0206138db0

COCOAPODS: 1.10.1
