PODS:
  - Ads-CN (3.4.1.1):
    - Ads-CN/BUAdSDK (= 3.4.1.1)
  - Ads-CN/BUAdSDK (3.4.1.1):
    - Ads-CN/BUFoundation
    - Ads-CN/Domestic
  - Ads-CN/BUFoundation (3.4.1.1)
  - Ads-CN/Domestic (3.4.1.1)
  - AdvanceSDK (3.2.3.4):
    - AdvanceSDK/Core (= 3.2.3.4)
  - AdvanceSDK/Adspot (3.2.3.4):
    - AdvanceSDK/Core
  - AdvanceSDK/Core (3.2.3.4)
  - AdvanceSDK/CSJ (3.2.3.4):
    - Ads-CN
    - AdvanceSDK/Adspot
    - AdvanceSDK/Core
  - AdvanceSDK/GDT (3.2.3.4):
    - AdvanceSDK/Adspot
    - AdvanceSDK/Core
    - GDTMobSDK
  - AdvanceSDK/Mercury (3.2.3.4):
    - AdvanceSDK/Adspot
    - AdvanceSDK/Core
    - MercurySDK
  - GDTMobSDK (4.12.1):
    - GDTMobSDK/GDTMobSDK (= 4.12.1)
  - GDTMobSDK/GDTMobSDK (4.12.1)
  - Masonry (1.1.0)
  - MercurySDK (3.1.5.5)
  - SDWebImage (5.10.1):
    - SDWebImage/Core (= 5.10.1)
  - SDWebImage/Core (5.10.1)

DEPENDENCIES:
  - AdvanceSDK (from `../`)
  - AdvanceSDK/CSJ (from `../`)
  - AdvanceSDK/GDT (from `../`)
  - AdvanceSDK/Mercury (from `../`)
  - Masonry
  - SDWebImage

SPEC REPOS:
  https://github.com/CocoaPods/Specs.git:
    - Ads-CN
    - GDTMobSDK
    - Masonry
    - MercurySDK
    - SDWebImage

EXTERNAL SOURCES:
  AdvanceSDK:
    :path: "../"

SPEC CHECKSUMS:
  Ads-CN: 734b95efc84481b958ad4cf6efca68f828c73b5b
  AdvanceSDK: ccf4e3969be140b67eda8e8f3d0b57b07f4e5feb
  GDTMobSDK: 8153fd4ed7f16be4786923226487ff60f0344a4f
  Masonry: 678fab65091a9290e40e2832a55e7ab731aad201
  MercurySDK: edf72a3f878e333b4b2cf10c74b365939b90b333
  SDWebImage: f66a16b95183b92ed6b965ad21d33167bc07612d

PODFILE CHECKSUM: 38e0e8acb454284244bb5b8382b8574303f581be

COCOAPODS: 1.10.0
